{
  "name": "piping-server-bytenode",
  "version": "0.1.0-SNAPSHOT",
  "lockfileVersion": 1,
  "requires": true,
  "dependencies": {
    "bytenode": {
      "version": "1.0.2",
      "resolved": "https://registry.npmjs.org/bytenode/-/bytenode-1.0.2.tgz",
      "integrity": "sha512-atlSEPuSrTt8zd/k9NrLRTrk53Rx6tpKcsCwo9ooWwRkkGq9RuNya4YGBEoedAYEvu/UcH4wAx5OP7LXRBN3Gg==",
      "dev": true
    }
  }
}
